[[package]]
category = "dev"
description = "A small Python module for determining appropriate platform-specific dirs, e.g. a \"user data dir\"."
name = "appdirs"
optional = false
python-versions = "*"
version = "1.4.3"

[package.source]
reference = "artifactory"
type = "legacy"
url = "https://artifactory.statnett.no/artifactory/api/pypi/pypi_statnett_ia_virtual/simple"

[[package]]
category = "dev"
description = "Disable App Nap on OS X 10.9"
marker = "sys_platform == \"darwin\""
name = "appnope"
optional = false
python-versions = "*"
version = "0.1.0"

[package.source]
reference = "artifactory"
type = "legacy"
url = "https://artifactory.statnett.no/artifactory/api/pypi/pypi_statnett_ia_virtual/simple"

[[package]]
category = "dev"
description = "Atomic file writes."
name = "atomicwrites"
optional = false
python-versions = ">=2.7, !=3.0.*, !=3.1.*, !=3.2.*, !=3.3.*"
version = "1.3.0"

[package.source]
reference = "artifactory"
type = "legacy"
url = "https://artifactory.statnett.no/artifactory/api/pypi/pypi_statnett_ia_virtual/simple"

[[package]]
category = "dev"
description = "Classes Without Boilerplate"
name = "attrs"
optional = false
python-versions = ">=2.7, !=3.0.*, !=3.1.*, !=3.2.*, !=3.3.*"
version = "19.3.0"

[package.source]
reference = "artifactory"
type = "legacy"
url = "https://artifactory.statnett.no/artifactory/api/pypi/pypi_statnett_ia_virtual/simple"

[[package]]
category = "dev"
description = "A tool that automatically formats Python code to conform to the PEP 8 style guide"
name = "autopep8"
optional = false
python-versions = "*"
version = "1.4.4"

[package.dependencies]
pycodestyle = ">=2.4.0"

[package.source]
reference = "artifactory"
type = "legacy"
url = "https://artifactory.statnett.no/artifactory/api/pypi/pypi_statnett_ia_virtual/simple"

[[package]]
category = "dev"
description = "Specifications for callback functions passed in to an API"
name = "backcall"
optional = false
python-versions = "*"
version = "0.1.0"

[package.source]
reference = "artifactory"
type = "legacy"
url = "https://artifactory.statnett.no/artifactory/api/pypi/pypi_statnett_ia_virtual/simple"

[[package]]
category = "dev"
description = "The uncompromising code formatter."
name = "black"
optional = false
python-versions = ">=3.6"
version = "19.3b0"

[package.dependencies]
appdirs = "*"
attrs = ">=18.1.0"
click = ">=6.5"
toml = ">=0.9.4"

[package.source]
reference = "artifactory"
type = "legacy"
url = "https://artifactory.statnett.no/artifactory/api/pypi/pypi_statnett_ia_virtual/simple"

[[package]]
category = "main"
description = "Python package for providing Mozilla's CA Bundle."
name = "certifi"
optional = false
python-versions = "*"
version = "2019.9.11"

[package.source]
reference = "artifactory"
type = "legacy"
url = "https://artifactory.statnett.no/artifactory/api/pypi/pypi_statnett_ia_virtual/simple"

[[package]]
category = "main"
description = "Universal encoding detector for Python 2 and 3"
name = "chardet"
optional = false
python-versions = "*"
version = "3.0.4"

[package.source]
reference = "artifactory"
type = "legacy"
url = "https://artifactory.statnett.no/artifactory/api/pypi/pypi_statnett_ia_virtual/simple"

[[package]]
category = "dev"
description = "Composable command line interface toolkit"
name = "click"
optional = false
python-versions = ">=2.7, !=3.0.*, !=3.1.*, !=3.2.*, !=3.3.*"
version = "7.0"

[package.source]
reference = "artifactory"
type = "legacy"
url = "https://artifactory.statnett.no/artifactory/api/pypi/pypi_statnett_ia_virtual/simple"

[[package]]
category = "dev"
description = "Cross-platform colored terminal text."
marker = "sys_platform == \"win32\""
name = "colorama"
optional = false
python-versions = ">=2.7, !=3.0.*, !=3.1.*, !=3.2.*, !=3.3.*"
version = "0.4.1"

[package.source]
reference = "artifactory"
type = "legacy"
url = "https://artifactory.statnett.no/artifactory/api/pypi/pypi_statnett_ia_virtual/simple"

[[package]]
category = "dev"
description = "Code coverage measurement for Python"
name = "coverage"
optional = false
python-versions = ">=2.6, !=3.0.*, !=3.1.*, !=3.2.*, <4"
version = "4.5.4"

[package.source]
reference = "artifactory"
type = "legacy"
url = "https://artifactory.statnett.no/artifactory/api/pypi/pypi_statnett_ia_virtual/simple"

[[package]]
category = "main"
description = "Better living through Python with decorators"
name = "decorator"
optional = false
python-versions = ">=2.6, !=3.0.*, !=3.1.*"
version = "4.4.0"

[package.source]
reference = "artifactory"
type = "legacy"
url = "https://artifactory.statnett.no/artifactory/api/pypi/pypi_statnett_ia_virtual/simple"

[[package]]
category = "dev"
description = "Discover and load entry points from installed packages."
name = "entrypoints"
optional = false
python-versions = ">=2.7"
version = "0.3"

[package.source]
reference = "artifactory"
type = "legacy"
url = "https://artifactory.statnett.no/artifactory/api/pypi/pypi_statnett_ia_virtual/simple"

[[package]]
category = "dev"
description = "the modular source code checker: pep8, pyflakes and co"
name = "flake8"
optional = false
python-versions = ">=2.7, !=3.0.*, !=3.1.*, !=3.2.*, !=3.3.*"
version = "3.7.8"

[package.dependencies]
entrypoints = ">=0.3.0,<0.4.0"
mccabe = ">=0.6.0,<0.7.0"
pycodestyle = ">=2.5.0,<2.6.0"
pyflakes = ">=2.1.0,<2.2.0"

[package.source]
reference = "artifactory"
type = "legacy"
url = "https://artifactory.statnett.no/artifactory/api/pypi/pypi_statnett_ia_virtual/simple"

[[package]]
category = "main"
description = "Internationalized Domain Names in Applications (IDNA)"
name = "idna"
optional = false
python-versions = ">=2.7, !=3.0.*, !=3.1.*, !=3.2.*, !=3.3.*"
version = "2.8"

[package.source]
reference = "artifactory"
type = "legacy"
url = "https://artifactory.statnett.no/artifactory/api/pypi/pypi_statnett_ia_virtual/simple"

[[package]]
category = "dev"
description = "Read metadata from Python packages"
marker = "python_version < \"3.8\""
name = "importlib-metadata"
optional = false
python-versions = ">=2.7,!=3.0,!=3.1,!=3.2,!=3.3"
version = "0.23"

[package.dependencies]
zipp = ">=0.5"

[package.source]
reference = "artifactory"
type = "legacy"
url = "https://artifactory.statnett.no/artifactory/api/pypi/pypi_statnett_ia_virtual/simple"

[[package]]
category = "dev"
description = "IPython: Productive Interactive Computing"
name = "ipython"
optional = false
python-versions = ">=3.5"
version = "7.8.0"

[package.dependencies]
appnope = "*"
backcall = "*"
colorama = "*"
decorator = "*"
jedi = ">=0.10"
pexpect = "*"
pickleshare = "*"
prompt-toolkit = ">=2.0.0,<2.1.0"
pygments = "*"
setuptools = ">=18.5"
traitlets = ">=4.2"

[package.source]
reference = "artifactory"
type = "legacy"
url = "https://artifactory.statnett.no/artifactory/api/pypi/pypi_statnett_ia_virtual/simple"

[[package]]
category = "dev"
description = "Vestigial utilities from IPython"
name = "ipython-genutils"
optional = false
python-versions = "*"
version = "0.2.0"

[package.source]
reference = "artifactory"
type = "legacy"
url = "https://artifactory.statnett.no/artifactory/api/pypi/pypi_statnett_ia_virtual/simple"

[[package]]
category = "main"
description = "An ISO 8601 date/time/duration parser and formatter"
name = "isodate"
optional = false
python-versions = "*"
version = "0.6.0"

[package.dependencies]
six = "*"

[package.source]
reference = "artifactory"
type = "legacy"
url = "https://artifactory.statnett.no/artifactory/api/pypi/pypi_statnett_ia_virtual/simple"

[[package]]
category = "dev"
description = "An autocompletion tool for Python that can be used for text editors."
name = "jedi"
optional = false
python-versions = ">=2.7, !=3.0.*, !=3.1.*, !=3.2.*, !=3.3.*"
version = "0.15.1"

[package.dependencies]
parso = ">=0.5.0"

[package.source]
reference = "artifactory"
type = "legacy"
url = "https://artifactory.statnett.no/artifactory/api/pypi/pypi_statnett_ia_virtual/simple"

[[package]]
category = "dev"
description = "McCabe checker, plugin for flake8"
name = "mccabe"
optional = false
python-versions = "*"
version = "0.6.1"

[package.source]
reference = "artifactory"
type = "legacy"
url = "https://artifactory.statnett.no/artifactory/api/pypi/pypi_statnett_ia_virtual/simple"

[[package]]
category = "dev"
description = "Rolling backport of unittest.mock for all Pythons"
name = "mock"
optional = false
python-versions = ">=2.7, !=3.0.*, !=3.1.*, !=3.2.*, !=3.3.*"
version = "3.0.5"

[package.dependencies]
six = "*"

[package.source]
reference = "artifactory"
type = "legacy"
url = "https://artifactory.statnett.no/artifactory/api/pypi/pypi_statnett_ia_virtual/simple"

[[package]]
category = "dev"
description = "More routines for operating on iterables, beyond itertools"
name = "more-itertools"
optional = false
python-versions = ">=3.4"
version = "7.2.0"

[package.source]
reference = "artifactory"
type = "legacy"
url = "https://artifactory.statnett.no/artifactory/api/pypi/pypi_statnett_ia_virtual/simple"

[[package]]
category = "main"
description = "Python package for creating and manipulating graphs and networks"
name = "networkx"
optional = false
python-versions = ">=3.5"
version = "2.4"

[package.dependencies]
decorator = ">=4.3.0"

[package.source]
reference = "artifactory"
type = "legacy"
url = "https://artifactory.statnett.no/artifactory/api/pypi/pypi_statnett_ia_virtual/simple"

[[package]]
category = "main"
description = "Fast numerical expression evaluator for NumPy"
name = "numexpr"
optional = false
python-versions = "*"
version = "2.7.0"

[package.dependencies]
numpy = ">=1.7"

[package.source]
reference = "artifactory"
type = "legacy"
url = "https://artifactory.statnett.no/artifactory/api/pypi/pypi_statnett_ia_virtual/simple"

[[package]]
category = "main"
description = "NumPy is the fundamental package for array computing with Python."
name = "numpy"
optional = false
python-versions = ">=3.5"
version = "1.17.3"

[package.source]
reference = "artifactory"
type = "legacy"
url = "https://artifactory.statnett.no/artifactory/api/pypi/pypi_statnett_ia_virtual/simple"

[[package]]
category = "dev"
description = "Core utilities for Python packages"
name = "packaging"
optional = false
python-versions = ">=2.7, !=3.0.*, !=3.1.*, !=3.2.*, !=3.3.*"
version = "19.2"

[package.dependencies]
pyparsing = ">=2.0.2"
six = "*"

[package.source]
reference = "artifactory"
type = "legacy"
url = "https://artifactory.statnett.no/artifactory/api/pypi/pypi_statnett_ia_virtual/simple"

[[package]]
category = "main"
description = "Powerful data structures for data analysis, time series, and statistics"
name = "pandas"
optional = false
python-versions = ">=3.5.3"
version = "0.25.2"

[package.dependencies]
numpy = ">=1.13.3"
python-dateutil = ">=2.6.1"
pytz = ">=2017.2"

[package.source]
reference = "artifactory"
type = "legacy"
url = "https://artifactory.statnett.no/artifactory/api/pypi/pypi_statnett_ia_virtual/simple"

[[package]]
category = "dev"
description = "A Python Parser"
name = "parso"
optional = false
python-versions = "*"
version = "0.5.1"

[package.source]
reference = "artifactory"
type = "legacy"
url = "https://artifactory.statnett.no/artifactory/api/pypi/pypi_statnett_ia_virtual/simple"

[[package]]
category = "dev"
description = "Pexpect allows easy control of interactive console applications."
marker = "sys_platform != \"win32\""
name = "pexpect"
optional = false
python-versions = "*"
version = "4.7.0"

[package.dependencies]
ptyprocess = ">=0.5"

[package.source]
reference = "artifactory"
type = "legacy"
url = "https://artifactory.statnett.no/artifactory/api/pypi/pypi_statnett_ia_virtual/simple"

[[package]]
category = "dev"
description = "Tiny 'shelve'-like database with concurrency support"
name = "pickleshare"
optional = false
python-versions = "*"
version = "0.7.5"

[package.source]
reference = "artifactory"
type = "legacy"
url = "https://artifactory.statnett.no/artifactory/api/pypi/pypi_statnett_ia_virtual/simple"

[[package]]
category = "dev"
description = "plugin and hook calling mechanisms for python"
name = "pluggy"
optional = false
python-versions = ">=2.7, !=3.0.*, !=3.1.*, !=3.2.*, !=3.3.*"
version = "0.13.0"

[package.dependencies]
[package.dependencies.importlib-metadata]
python = "<3.8"
version = ">=0.12"

[package.source]
reference = "artifactory"
type = "legacy"
url = "https://artifactory.statnett.no/artifactory/api/pypi/pypi_statnett_ia_virtual/simple"

[[package]]
category = "dev"
description = "Library for building powerful interactive command lines in Python"
name = "prompt-toolkit"
optional = false
python-versions = ">=2.6, !=3.0.*, !=3.1.*, !=3.2.*"
version = "2.0.10"

[package.dependencies]
six = ">=1.9.0"
wcwidth = "*"

[package.source]
reference = "artifactory"
type = "legacy"
url = "https://artifactory.statnett.no/artifactory/api/pypi/pypi_statnett_ia_virtual/simple"

[[package]]
category = "dev"
description = "Run a subprocess in a pseudo terminal"
marker = "sys_platform != \"win32\""
name = "ptyprocess"
optional = false
python-versions = "*"
version = "0.6.0"

[package.source]
reference = "artifactory"
type = "legacy"
url = "https://artifactory.statnett.no/artifactory/api/pypi/pypi_statnett_ia_virtual/simple"

[[package]]
category = "dev"
description = "library with cross-python path, ini-parsing, io, code, log facilities"
name = "py"
optional = false
python-versions = ">=2.7, !=3.0.*, !=3.1.*, !=3.2.*, !=3.3.*"
version = "1.8.0"

[package.source]
reference = "artifactory"
type = "legacy"
url = "https://artifactory.statnett.no/artifactory/api/pypi/pypi_statnett_ia_virtual/simple"

[[package]]
category = "dev"
description = "Python style guide checker"
name = "pycodestyle"
optional = false
python-versions = ">=2.7, !=3.0.*, !=3.1.*, !=3.2.*, !=3.3.*"
version = "2.5.0"

[package.source]
reference = "artifactory"
type = "legacy"
url = "https://artifactory.statnett.no/artifactory/api/pypi/pypi_statnett_ia_virtual/simple"

[[package]]
category = "dev"
description = "passive checker of Python programs"
name = "pyflakes"
optional = false
python-versions = ">=2.7, !=3.0.*, !=3.1.*, !=3.2.*, !=3.3.*"
version = "2.1.1"

[package.source]
reference = "artifactory"
type = "legacy"
url = "https://artifactory.statnett.no/artifactory/api/pypi/pypi_statnett_ia_virtual/simple"

[[package]]
category = "dev"
description = "Pygments is a syntax highlighting package written in Python."
name = "pygments"
optional = false
python-versions = ">=2.7, !=3.0.*, !=3.1.*, !=3.2.*, !=3.3.*, !=3.4.*"
version = "2.4.2"

[package.source]
reference = "artifactory"
type = "legacy"
url = "https://artifactory.statnett.no/artifactory/api/pypi/pypi_statnett_ia_virtual/simple"

[[package]]
category = "main"
description = "Python parsing module"
name = "pyparsing"
optional = false
python-versions = ">=2.6, !=3.0.*, !=3.1.*, !=3.2.*"
version = "2.4.2"

[package.source]
reference = "artifactory"
type = "legacy"
url = "https://artifactory.statnett.no/artifactory/api/pypi/pypi_statnett_ia_virtual/simple"

[[package]]
category = "dev"
description = "pytest: simple powerful testing with Python"
name = "pytest"
optional = false
python-versions = ">=3.5"
version = "5.2.1"

[package.dependencies]
atomicwrites = ">=1.0"
attrs = ">=17.4.0"
colorama = "*"
more-itertools = ">=4.0.0"
packaging = "*"
pluggy = ">=0.12,<1.0"
py = ">=1.5.0"
wcwidth = "*"

[package.dependencies.importlib-metadata]
python = "<3.8"
version = ">=0.12"

[package.source]
reference = "artifactory"
type = "legacy"
url = "https://artifactory.statnett.no/artifactory/api/pypi/pypi_statnett_ia_virtual/simple"

[[package]]
category = "dev"
description = "Pytest plugin for measuring coverage."
name = "pytest-cov"
optional = false
python-versions = ">=2.7, !=3.0.*, !=3.1.*, !=3.2.*, !=3.3.*"
version = "2.8.1"

[package.dependencies]
coverage = ">=4.4"
pytest = ">=3.6"

[package.source]
reference = "artifactory"
type = "legacy"
url = "https://artifactory.statnett.no/artifactory/api/pypi/pypi_statnett_ia_virtual/simple"

[[package]]
category = "main"
description = "Extensions to the standard Python datetime module"
name = "python-dateutil"
optional = false
python-versions = ">=2.7, !=3.0.*, !=3.1.*, !=3.2.*"
version = "2.8.0"

[package.dependencies]
six = ">=1.5"

[package.source]
reference = "artifactory"
type = "legacy"
url = "https://artifactory.statnett.no/artifactory/api/pypi/pypi_statnett_ia_virtual/simple"

[[package]]
category = "main"
description = "World timezone definitions, modern and historical"
name = "pytz"
optional = false
python-versions = "*"
version = "2019.3"

[package.source]
reference = "artifactory"
type = "legacy"
url = "https://artifactory.statnett.no/artifactory/api/pypi/pypi_statnett_ia_virtual/simple"

[[package]]
category = "main"
description = "RDFLib is a Python library for working with RDF, a simple yet powerful language for representing information."
name = "rdflib"
optional = false
python-versions = "*"
version = "4.2.2"

[package.dependencies]
isodate = "*"
pyparsing = "*"

[package.source]
reference = "artifactory"
type = "legacy"
url = "https://artifactory.statnett.no/artifactory/api/pypi/pypi_statnett_ia_virtual/simple"

[[package]]
category = "main"
description = "Python HTTP for Humans."
name = "requests"
optional = false
python-versions = ">=2.7, !=3.0.*, !=3.1.*, !=3.2.*, !=3.3.*, !=3.4.*"
version = "2.22.0"

[package.dependencies]
certifi = ">=2017.4.17"
chardet = ">=3.0.2,<3.1.0"
idna = ">=2.5,<2.9"
urllib3 = ">=1.21.1,<1.25.0 || >1.25.0,<1.25.1 || >1.25.1,<1.26"

[package.source]
reference = "artifactory"
type = "legacy"
url = "https://artifactory.statnett.no/artifactory/api/pypi/pypi_statnett_ia_virtual/simple"

[[package]]
category = "dev"
description = "a python refactoring library..."
name = "rope"
optional = false
python-versions = "*"
version = "0.14.0"

[package.source]
reference = "artifactory"
type = "legacy"
url = "https://artifactory.statnett.no/artifactory/api/pypi/pypi_statnett_ia_virtual/simple"

[[package]]
category = "main"
description = "SciPy: Scientific Library for Python"
name = "scipy"
optional = false
python-versions = ">=3.5"
version = "1.3.1"

[package.source]
reference = "artifactory"
type = "legacy"
url = "https://artifactory.statnett.no/artifactory/api/pypi/pypi_statnett_ia_virtual/simple"

[[package]]
category = "main"
description = "Python 2 and 3 compatibility utilities"
name = "six"
optional = false
python-versions = ">=2.6, !=3.0.*, !=3.1.*"
version = "1.12.0"

[package.source]
reference = "artifactory"
type = "legacy"
url = "https://artifactory.statnett.no/artifactory/api/pypi/pypi_statnett_ia_virtual/simple"

[[package]]
category = "main"
description = "SPARQL Endpoint interface to Python"
name = "sparqlwrapper"
optional = false
python-versions = "*"
version = "1.8.4"

[package.dependencies]
rdflib = ">=4.0"

[package.source]
reference = "artifactory"
type = "legacy"
url = "https://artifactory.statnett.no/artifactory/api/pypi/pypi_statnett_ia_virtual/simple"

[[package]]
category = "main"
description = "Hierarchical datasets for Python"
name = "tables"
optional = false
python-versions = "*"
version = "3.6.0"

[package.dependencies]
numexpr = ">=2.6.2"
numpy = ">=1.9.3"

[package.source]
reference = "artifactory"
type = "legacy"
url = "https://artifactory.statnett.no/artifactory/api/pypi/pypi_statnett_ia_virtual/simple"

[[package]]
category = "dev"
description = "Python Library for Tom's Obvious, Minimal Language"
name = "toml"
optional = false
python-versions = "*"
version = "0.10.0"

[package.source]
reference = "artifactory"
type = "legacy"
url = "https://artifactory.statnett.no/artifactory/api/pypi/pypi_statnett_ia_virtual/simple"

[[package]]
category = "dev"
description = "Traitlets Python config system"
name = "traitlets"
optional = false
python-versions = "*"
version = "4.3.3"

[package.dependencies]
decorator = "*"
ipython-genutils = "*"
six = "*"

[package.source]
reference = "artifactory"
type = "legacy"
url = "https://artifactory.statnett.no/artifactory/api/pypi/pypi_statnett_ia_virtual/simple"

[[package]]
category = "main"
description = "HTTP library with thread-safe connection pooling, file post, and more."
name = "urllib3"
optional = false
python-versions = ">=2.7, !=3.0.*, !=3.1.*, !=3.2.*, !=3.3.*, <4"
version = "1.25.6"

[package.source]
reference = "artifactory"
type = "legacy"
url = "https://artifactory.statnett.no/artifactory/api/pypi/pypi_statnett_ia_virtual/simple"

[[package]]
category = "dev"
description = "Measures number of Terminal column cells of wide-character codes"
name = "wcwidth"
optional = false
python-versions = "*"
version = "0.1.7"

[package.source]
reference = "artifactory"
type = "legacy"
url = "https://artifactory.statnett.no/artifactory/api/pypi/pypi_statnett_ia_virtual/simple"

[[package]]
category = "dev"
description = "A formatter for Python code."
name = "yapf"
optional = false
python-versions = "*"
version = "0.28.0"

[package.source]
reference = "artifactory"
type = "legacy"
url = "https://artifactory.statnett.no/artifactory/api/pypi/pypi_statnett_ia_virtual/simple"

[[package]]
category = "dev"
description = "Backport of pathlib-compatible object wrapper for zip files"
marker = "python_version < \"3.8\""
name = "zipp"
optional = false
python-versions = ">=2.7"
version = "0.6.0"

[package.dependencies]
more-itertools = "*"

[package.source]
reference = "artifactory"
type = "legacy"
url = "https://artifactory.statnett.no/artifactory/api/pypi/pypi_statnett_ia_virtual/simple"

[metadata]
content-hash = "4e32ea0d845074c8dd9964c7a77fadd50a7b18e9259a94cdecd5d8df72eff06b"
python-versions = "^3.6"

[metadata.hashes]
appdirs = ["9e5896d1372858f8dd3344faf4e5014d21849c756c8d5701f78f8a103b372d92", "d8b24664561d0d34ddfaec54636d502d7cea6e29c3eaf68f3df6180863e2166e"]
appnope = ["5b26757dc6f79a3b7dc9fab95359328d5747fcb2409d331ea66d0272b90ab2a0", "8b995ffe925347a2138d7ac0fe77155e4311a0ea6d6da4f5128fe4b3cbe5ed71"]
atomicwrites = ["03472c30eb2c5d1ba9227e4c2ca66ab8287fbfbbda3888aa93dc2e28fc6811b4", "75a9445bac02d8d058d5e1fe689654ba5a6556a1dfd8ce6ec55a0ed79866cfa6"]
attrs = ["08a96c641c3a74e44eb59afb61a24f2cb9f4d7188748e76ba4bb5edfa3cb7d1c", "f7b7ce16570fe9965acd6d30101a28f62fb4a7f9e926b3bbc9b61f8b04247e72"]
autopep8 = ["4d8eec30cc81bc5617dbf1218201d770dc35629363547f17577c61683ccfb3ee"]
backcall = ["38ecd85be2c1e78f77fd91700c76e14667dc21e2713b63876c0eb901196e01e4", "bbbf4b1e5cd2bdb08f915895b51081c041bac22394fdfcfdfbe9f14b77c08bf2"]
black = ["09a9dcb7c46ed496a9850b76e4e825d6049ecd38b611f1224857a79bd985a8cf", "68950ffd4d9169716bcb8719a56c07a2f4485354fec061cdd5910aa07369731c"]
certifi = ["e4f3620cfea4f83eedc95b24abd9cd56f3c4b146dd0177e83a21b4eb49e21e50", "fd7c7c74727ddcf00e9acd26bba8da604ffec95bf1c2144e67aff7a8b50e6cef"]
chardet = ["84ab92ed1c4d4f16916e05906b6b75a6c0fb5db821cc65e70cbd64a3e2a5eaae", "fc323ffcaeaed0e0a02bf4d117757b98aed530d9ed4531e3e15460124c106691"]
click = ["2335065e6395b9e67ca716de5f7526736bfa6ceead690adf616d925bdc622b13", "5b94b49521f6456670fdb30cd82a4eca9412788a93fa6dd6df72c94d5a8ff2d7"]
colorama = ["05eed71e2e327246ad6b38c540c4a3117230b19679b875190486ddd2d721422d", "f8ac84de7840f5b9c4e3347b3c1eaa50f7e49c2b07596221daec5edaabbd7c48"]
coverage = ["08907593569fe59baca0bf152c43f3863201efb6113ecb38ce7e97ce339805a6", "0be0f1ed45fc0c185cfd4ecc19a1d6532d72f86a2bac9de7e24541febad72650", "141f08ed3c4b1847015e2cd62ec06d35e67a3ac185c26f7635f4406b90afa9c5", "19e4df788a0581238e9390c85a7a09af39c7b539b29f25c89209e6c3e371270d", "23cc09ed395b03424d1ae30dcc292615c1372bfba7141eb85e11e50efaa6b351", "245388cda02af78276b479f299bbf3783ef0a6a6273037d7c60dc73b8d8d7755", "331cb5115673a20fb131dadd22f5bcaf7677ef758741312bee4937d71a14b2ef", "386e2e4090f0bc5df274e720105c342263423e77ee8826002dcffe0c9533dbca", "3a794ce50daee01c74a494919d5ebdc23d58873747fa0e288318728533a3e1ca", "60851187677b24c6085248f0a0b9b98d49cba7ecc7ec60ba6b9d2e5574ac1ee9", "63a9a5fc43b58735f65ed63d2cf43508f462dc49857da70b8980ad78d41d52fc", "6b62544bb68106e3f00b21c8930e83e584fdca005d4fffd29bb39fb3ffa03cb5", "6ba744056423ef8d450cf627289166da65903885272055fb4b5e113137cfa14f", "7494b0b0274c5072bddbfd5b4a6c6f18fbbe1ab1d22a41e99cd2d00c8f96ecfe", "826f32b9547c8091679ff292a82aca9c7b9650f9fda3e2ca6bf2ac905b7ce888", "93715dffbcd0678057f947f496484e906bf9509f5c1c38fc9ba3922893cda5f5", "9a334d6c83dfeadae576b4d633a71620d40d1c379129d587faa42ee3e2a85cce", "af7ed8a8aa6957aac47b4268631fa1df984643f07ef00acd374e456364b373f5", "bf0a7aed7f5521c7ca67febd57db473af4762b9622254291fbcbb8cd0ba5e33e", "bf1ef9eb901113a9805287e090452c05547578eaab1b62e4ad456fcc049a9b7e", "c0afd27bc0e307a1ffc04ca5ec010a290e49e3afbe841c5cafc5c5a80ecd81c9", "dd579709a87092c6dbee09d1b7cfa81831040705ffa12a1b248935274aee0437", "df6712284b2e44a065097846488f66840445eb987eb81b3cc6e4149e7b6982e1", "e07d9f1a23e9e93ab5c62902833bf3e4b1f65502927379148b6622686223125c", "e2ede7c1d45e65e209d6093b762e98e8318ddeff95317d07a27a2140b80cfd24", "e4ef9c164eb55123c62411f5936b5c2e521b12356037b6e1c2617cef45523d47", "eca2b7343524e7ba246cab8ff00cab47a2d6d54ada3b02772e908a45675722e2", "eee64c616adeff7db37cc37da4180a3a5b6177f5c46b187894e633f088fb5b28", "ef824cad1f980d27f26166f86856efe11eff9912c4fed97d3804820d43fa550c", "efc89291bd5a08855829a3c522df16d856455297cf35ae827a37edac45f466a7", "fa964bae817babece5aa2e8c1af841bebb6d0b9add8e637548809d040443fee0", "ff37757e068ae606659c28c3bd0d923f9d29a85de79bf25b2b34b148473b5025"]
decorator = ["86156361c50488b84a3f148056ea716ca587df2f0de1d34750d35c21312725de", "f069f3a01830ca754ba5258fde2278454a0b5b79e0d7f5c13b3b97e57d4acff6"]
entrypoints = ["589f874b313739ad35be6e0cd7efde2a4e9b6fea91edcc34e58ecbb8dbe56d19", "c70dd71abe5a8c85e55e12c19bd91ccfeec11a6e99044204511f9ed547d48451"]
flake8 = ["19241c1cbc971b9962473e4438a2ca19749a7dd002dd1a946eaba171b4114548", "8e9dfa3cecb2400b3738a42c54c3043e821682b9c840b0448c0503f781130696"]
idna = ["c357b3f628cf53ae2c4c05627ecc484553142ca23264e593d327bcde5e9c3407", "ea8b7f6188e6fa117537c3df7da9fc686d485087abf6ac197f9c46432f7e4a3c"]
importlib-metadata = ["aa18d7378b00b40847790e7c27e11673d7fed219354109d0e7b9e5b25dc3ad26", "d5f18a79777f3aa179c145737780282e27b508fc8fd688cb17c7a813e8bd39af"]
ipython = ["c4ab005921641e40a68e405e286e7a1fcc464497e14d81b6914b4fd95e5dee9b", "dd76831f065f17bddd7eaa5c781f5ea32de5ef217592cf019e34043b56895aa1"]
ipython-genutils = ["72dd37233799e619666c9f639a9da83c34013a73e8bbc79a7a6348d93c61fab8", "eb2e116e75ecef9d4d228fdc66af54269afa26ab4463042e33785b887c628ba8"]
isodate = ["2e364a3d5759479cdb2d37cce6b9376ea504db2ff90252a2e5b7cc89cc9ff2d8", "aa4d33c06640f5352aca96e4b81afd8ab3b47337cc12089822d6f322ac772c81"]
jedi = ["786b6c3d80e2f06fd77162a07fed81b8baa22dde5d62896a790a331d6ac21a27", "ba859c74fa3c966a22f2aeebe1b74ee27e2a462f56d3f5f7ca4a59af61bfe42e"]
mccabe = ["ab8a6258860da4b6677da4bd2fe5dc2c659cff31b3ee4f7f5d64e79735b80d42", "dd8d182285a0fe56bace7f45b5e7d1a6ebcbf524e8f3bd87eb0f125271b8831f"]
mock = ["83657d894c90d5681d62155c82bda9c1187827525880eda8ff5df4ec813437c3", "d157e52d4e5b938c550f39eb2fd15610db062441a9c2747d3dbfa9298211d0f8"]
more-itertools = ["409cd48d4db7052af495b09dec721011634af3753ae1ef92d2b32f73a745f832", "92b8c4b06dac4f0611c0729b2f2ede52b2e1bac1ab48f089c7ddc12e26bb60c4"]
networkx = ["cdfbf698749a5014bf2ed9db4a07a5295df1d3a53bf80bf3cbd61edf9df05fa1", "f8f4ff0b6f96e4f9b16af6b84622597b5334bf9cae8cf9b2e42e7985d5c95c64"]
numexpr = ["08bdae334855b19c55137b5a3c0d1bb1b05f23f7e6df24e47dfc8d5b3de4e10a", "0a7c9bdac56ced9d8d8e8f7b2114d5c7bb0b78373f81e6be3a1d147455b5fb5c", "0fbae343da0b8246feb2347696669ab2110d6ef36806f2a94eecf98ce9b717d0", "16a92b61e6fc3fc351c36def2bce34d5fc1a519deb9320d1112fec443c0e0b04", "16bf19e001000860acf81ada3b9392b39d9986abf30c507537fa417c9ee7b7b8", "201056cdf4b769148097f90929b7b31f8e638212cfebc8524e6ad3220cdcaf1a", "37324b5981b8962102bdc8640c4f05f5589da5d1df2702418783085cb78ca217", "39e9a2feb85778f2085dd771f92853949120b135bca4ae195e4767bcf54ad379", "49f97366ed8e0e970ae7f96d569d4aee6372dfe61951cd08b142edada2c459d7", "4ed81428c9dd1cfb4e491ea61a2789d6e1c65262ca904a42577fc0bbee91520d", "5e1b771425e172b3d021c7304605e49a578bb7553ee00adda2f3ca12a7f0831c", "70344db42a1e0f185b636729f6e4ad16510abc8d23a42557e9480254ba9b1d1a", "78b38ae1cc7a521e1565d85e4c659a586040267615a9333b8b6922b206c67831", "8026b7e9b506f2257ddd9b8f2532a9a90682be6c63f20807c493290160e28b4e", "81e4bf39c466392b30d11ef80f88a656a6021ce6db3ca0c18d07c1bf75b0ab09", "85a743544be9eff5734060451da9da7eb5b49ec75e596020aad385b6af98f064", "8798b65e5d96fce2c595bdec43377b6154fe67e89ba04718402d66f03124f8cc", "9d2b645319a826f1901728761b3474f426d5b2ea208ff29bd4c44669b2802199", "aac593ee3b7fde6cd7aca956cd084a4ad5783326e563f05340427d934c7aca6f", "aff55bcfa9590f039c0ed454b3b757a65f43fb9a8af6d2bcac3dca6a6b8491b1", "b2ed14711790b8506d914c3e1e31a855d89316bc332ac3208632772edf73580d", "b6805fc38c743c81bdc8d9de7887f055f96205a79db97f613c061b375e64d299", "bacc2229201af53ea9c27e439b3507394c0bc6ab18cc776868be2c5150442644", "bae34759be74476cc7b8746b86eb19e7a5a8e3964df73f4096b539fcadd51f52", "cae704f0bcb6bbb22a0bdfd0e44c92b02f79e3396a7846f2f94b39cde1c1865c", "d1f91b98c4e525467b5c26759135bf30413c671a58dd729babc89d4b37619a72", "ec1329069312deed2161525be2492d13aee48df94cf406fd1d613e6250d9579e", "f9c5ca97e4cd84fe55579c3d764ddff08cefbb9318888d3be6d0455c5c2297bc"]
numpy = ["0b0dd8f47fb177d00fa6ef2d58783c4f41ad3126b139c91dd2f7c4b3fdf5e9a5", "25ffe71f96878e1da7e014467e19e7db90ae7d4e12affbc73101bcf61785214e", "26efd7f7d755e6ca966a5c0ac5a930a87dbbaab1c51716ac26a38f42ecc9bc4b", "28b1180c758abf34a5c3fea76fcee66a87def1656724c42bb14a6f9717a5bdf7", "2e418f0a59473dac424f888dd57e85f77502a593b207809211c76e5396ae4f5c", "30c84e3a62cfcb9e3066f25226e131451312a044f1fe2040e69ce792cb7de418", "4650d94bb9c947151737ee022b934b7d9a845a7c76e476f3e460f09a0c8c6f39", "4dd830a11e8724c9c9379feed1d1be43113f8bcce55f47ea7186d3946769ce26", "4f2a2b279efde194877aff1f76cf61c68e840db242a5c7169f1ff0fd59a2b1e2", "62d22566b3e3428dfc9ec972014c38ed9a4db4f8969c78f5414012ccd80a149e", "669795516d62f38845c7033679c648903200980d68935baaa17ac5c7ae03ae0c", "75fcd60d682db3e1f8fbe2b8b0c6761937ad56d01c1dc73edf4ef2748d5b6bc4", "9395b0a41e8b7e9a284e3be7060db9d14ad80273841c952c83a5afc241d2bd98", "9e37c35fc4e9410093b04a77d11a34c64bf658565e30df7cbe882056088a91c1", "a0678793096205a4d784bd99f32803ba8100f639cf3b932dc63b21621390ea7e", "b46554ad4dafb2927f88de5a1d207398c5385edbb5c84d30b3ef187c4a3894d8", "c867eeccd934920a800f65c6068acdd6b87e80d45cd8c8beefff783b23cdc462", "dd0667f5be56fb1b570154c2c0516a528e02d50da121bbbb2cbb0b6f87f59bc2", "de2b1c20494bdf47f0160bd88ed05f5e48ae5dc336b8de7cfade71abcc95c0b9", "f1df7b2b7740dd777571c732f98adb5aad5450aee32772f1b39249c8a50386f6", "ffca69e29079f7880c5392bf675eb8b4146479d976ae1924d01cd92b04cccbcc"]
packaging = ["28b924174df7a2fa32c1953825ff29c61e2f5e082343165438812f00d3a7fc47", "d9551545c6d761f3def1677baf08ab2a3ca17c56879e70fecba2fc4dde4ed108"]
pandas = ["0f484f43658a72e7d586a74978259657839b5bd31b903e963bb1b1491ab51775", "0ffc6f9e20e77f3a7dc8baaad9c7fd25b858b084d3a2d8ce877bc3ea804e0636", "23e0eac646419c3057f15eb96ab821964848607bf1d4ea5a82f26565986ec5e9", "27c0603b15b5c6fa24885253bbe49a0c289381e7759385c59308ba4f0b166cf1", "397fe360643fffc5b26b41efdf608647e3334a618d185a07976cd2dc51c90bce", "3dbb3aa41c01504255bff2bd56944bdb915f6c9ce4bac7e2868efbace0b2a639", "4e07c63247c59d61c6ebdbbb50196143cec6c5044403510c4e1a9d31854a83d6", "4fa6d9235c6d2fecbeca82c3d326abd255866cafbfd37f66a0e826544e619760", "56cb88b3876363d410a9d7724f43641ff164e2c9902d3266a648213e2efd5e6d", "7ce1be1614455f83710b9a5dc1fc602a755bdddbe4dda1d41515062923a37bbf", "ae1c96ffdeec376895e533107e0b0f9da16225a2184fbb24a5abc866769db75e", "b6f27c9231be8a23de846f2302373991467dd8e397a4804d2614e8c5aa8d5a90", "c6056067f894f9355bedcd168dd740aa849908d41c0a74756f6e38f203e941b3", "ca91a19d1f0a280874a24dca44aadce42da7f3a7edb7e9ab7c7baad8febee2be", "cbe4985f5c82a173f8cff6b7fe92d551addf99fb4ea9ff4eb4b1fe606bb098ec", "e3e9893bfe80a8b8e6d56d36ebb7afe1df77db7b4068a6e2ef3636a91f6f1caa", "e7b218e8711910dac3fed0d19376cd1ef0e386be5175965d332fd0c65d02a43b", "ec48d18b8b63a5dbb838e8ea7892ee1034299e03f852bd9b6dffe870310414dd", "f4ab6280277e3208a59bfa9f2e51240304d09e69ffb65abfb4a21d678b495f74"]
parso = ["63854233e1fadb5da97f2744b6b24346d2750b85965e7e399bec1620232797dc", "666b0ee4a7a1220f65d367617f2cd3ffddff3e205f3f16a0284df30e774c2a9c"]
pexpect = ["2094eefdfcf37a1fdbfb9aa090862c1a4878e5c7e0e7e7088bdb511c558e5cd1", "9e2c1fd0e6ee3a49b28f95d4b33bc389c89b20af6a1255906e90ff1262ce62eb"]
pickleshare = ["87683d47965c1da65cdacaf31c8441d12b8044cdec9aca500cd78fc2c683afca", "9649af414d74d4df115d5d718f82acb59c9d418196b7b4290ed47a12ce62df56"]
pluggy = ["0db4b7601aae1d35b4a033282da476845aa19185c1e6964b25cf324b5e4ec3e6", "fa5fa1622fa6dd5c030e9cad086fa19ef6a0cf6d7a2d12318e10cb49d6d68f34"]
prompt-toolkit = ["46642344ce457641f28fc9d1c9ca939b63dadf8df128b86f1b9860e59c73a5e4", "e7f8af9e3d70f514373bf41aa51bc33af12a6db3f71461ea47fea985defb2c31", "f15af68f66e664eaa559d4ac8a928111eebd5feda0c11738b5998045224829db"]
ptyprocess = ["923f299cc5ad920c68f2bc0bc98b75b9f838b93b599941a6b63ddbc2476394c0", "d7cc528d76e76342423ca640335bd3633420dc1366f258cb31d05e865ef5ca1f"]
py = ["64f65755aee5b381cea27766a3a147c3f15b9b6b9ac88676de66ba2ae36793fa", "dc639b046a6e2cff5bbe40194ad65936d6ba360b52b3c3fe1d08a82dd50b5e53"]
pycodestyle = ["95a2219d12372f05704562a14ec30bc76b05a5b297b21a5dfe3f6fac3491ae56", "e40a936c9a450ad81df37f549d676d127b1b66000a6c500caa2b085bc0ca976c"]
pyflakes = ["17dbeb2e3f4d772725c777fabc446d5634d1038f234e77343108ce445ea69ce0", "d976835886f8c5b31d47970ed689944a0262b5f3afa00a5a7b4dc81e5449f8a2"]
pygments = ["71e430bc85c88a430f000ac1d9b331d2407f681d6f6aec95e8bcfbc3df5b0127", "881c4c157e45f30af185c1ffe8d549d48ac9127433f2c380c24b84572ad66297"]
pyparsing = ["6f98a7b9397e206d78cc01df10131398f1c8b8510a2f4d97d9abd82e1aacdd80", "d9338df12903bbf5d65a0e4e87c2161968b10d2e489652bb47001d82a9b028b4"]
pytest = ["7e4800063ccfc306a53c461442526c5571e1462f61583506ce97e4da6a1d88c8", "ca563435f4941d0cb34767301c27bc65c510cb82e90b9ecf9cb52dc2c63caaa0"]
pytest-cov = ["cc6742d8bac45070217169f5f72ceee1e0e55b0221f54bcf24845972d3a47f2b", "cdbdef4f870408ebdbfeb44e63e07eb18bb4619fae852f6e760645fa36172626"]
python-dateutil = ["7e6584c74aeed623791615e26efd690f29817a27c73085b78e4bad02493df2fb", "c89805f6f4d64db21ed966fda138f8a5ed7a4fdbc1a8ee329ce1b74e3c74da9e"]
pytz = ["1c557d7d0e871de1f5ccd5833f60fb2550652da6be2693c1e02300743d21500d", "b02c06db6cf09c12dd25137e563b31700d3b80fcc4ad23abb7a315f2789819be"]
rdflib = ["58d5994610105a457cff7fdfe3d683d87786c5028a45ae032982498a7e913d6f", "da1df14552555c5c7715d8ce71c08f404c988c58a1ecd38552d0da4fc261280d"]
requests = ["11e007a8a2aa0323f5a921e9e6a2d7e4e67d9877e85773fba9ba6419025cbeb4", "9cf5292fcd0f598c671cfc1e0d7d1a7f13bb8085e9a590f48c010551dc6c4b31"]
rope = ["6b728fdc3e98a83446c27a91fc5d56808a004f8beab7a31ab1d7224cecc7d969", "c5c5a6a87f7b1a2095fb311135e2a3d1f194f5ecb96900fdd0a9100881f48aaf", "f0dcf719b63200d492b85535ebe5ea9b29e0d0b8aebeb87fe03fc1a65924fdaf"]
scipy = ["0baa64bf42592032f6f6445a07144e355ca876b177f47ad8d0612901c9375bef", "243b04730d7223d2b844bda9500310eecc9eda0cba9ceaf0cde1839f8287dfa8", "2643cfb46d97b7797d1dbdb6f3c23fe3402904e3c90e6facfe6a9b98d808c1b5", "396eb4cdad421f846a1498299474f0a3752921229388f91f60dc3eda55a00488", "3ae3692616975d3c10aca6d574d6b4ff95568768d4525f76222fb60f142075b9", "435d19f80b4dcf67dc090cc04fde2c5c8a70b3372e64f6a9c58c5b806abfa5a8", "46a5e55850cfe02332998b3aef481d33f1efee1960fe6cfee0202c7dd6fc21ab", "75b513c462e58eeca82b22fc00f0d1875a37b12913eee9d979233349fce5c8b2", "7ccfa44a08226825126c4ef0027aa46a38c928a10f0a8a8483c80dd9f9a0ad44", "89dd6a6d329e3f693d1204d5562dd63af0fd7a17854ced17f9cbc37d5b853c8d", "a81da2fe32f4eab8b60d56ad43e44d93d392da228a77e229e59b51508a00299c", "a9d606d11eb2eec7ef893eb825017fbb6eef1e1d0b98a5b7fc11446ebeb2b9b1", "ac37eb652248e2d7cbbfd89619dce5ecfd27d657e714ed049d82f19b162e8d45", "cbc0611699e420774e945f6a4e2830f7ca2b3ee3483fca1aa659100049487dd5", "d02d813ec9958ed63b390ded463163685af6025cb2e9a226ec2c477df90c6957", "dd3b52e00f93fd1c86f2d78243dfb0d02743c94dd1d34ffea10055438e63b99d"]
six = ["3350809f0555b11f552448330d0b52d5f24c91a322ea4a15ef22629740f3761c", "d16a0141ec1a18405cd4ce8b4613101da75da0e9a7aec5bdd4fa804d0e0eba73"]
sparqlwrapper = ["14ec551f0d60b4a496ffcc31f15337e844c085b8ead8cbe9a7178748a6de3794", "21928e7a97f565e772cdeeb0abad428960f4307e3a13dbdd8f6d3da8a6a506c9", "abc3e7eadcad32fa69a85c003853e2f6f73bda6cc999853838f401a5a1ea1109"]
tables = ["2cf9c116bf172882663b92cbd6d3b3fba12905f078d2f7df754c422c2d54389e", "6995e313549e3d26cf2e25c9a1f1e2c5c290d7d704d9662f281c38e755de22a8", "73227c81dcb97c7db234f0a505f91235563c65ae5e36e6d1bcad8cf870e00694", "7ad0512669c02a036547f11d590208311876d14de174a8e882e48b857e2e6fc9", "9e02b0e2cbee426f503ac2dccce6c1346cff8dbaaf0e8ded3dc6679802a58897", "b554c7617f7fa6e7900412202483e2cc48105368cef9329801b5a3b02c5f44ad", "b765b2a1542e9aa228b63828961f86026e7b21443670b54aa5eb39d2ccd58a73", "c8941731fad77676b3352aa89b978f45748df4ab22da4e3b000f887630a3a4ad", "db3488214864fb313a611fca68bf1c9019afe4e7877be54d0e61c84416603d4d", "df0a0d33f7150cdc48bbfe6e5de306b178f34e6328a98c54b723de65ce26f21d", "f96711c8542f733f2e5c6f45e8f4f303819724aabfbb8d4587220bad8586554f"]
toml = ["229f81c57791a41d65e399fc06bf0848bab550a9dfd5ed66df18ce5f05e73d5c", "235682dd292d5899d361a811df37e04a8828a5b1da3115886b73cf81ebc9100e"]
traitlets = ["70b4c6a1d9019d7b4f6846832288f86998aa3b9207c6821f3578a6a6a467fe44", "d023ee369ddd2763310e4c3eae1ff649689440d4ae59d7485eb4cfbbe3e359f7"]
urllib3 = ["3de946ffbed6e6746608990594d08faac602528ac7015ac28d33cee6a45b7398", "9a107b99a5393caf59c7aa3c1249c16e6879447533d0887f4336dde834c7be86"]
wcwidth = ["3df37372226d6e63e1b1e1eda15c594bca98a22d33a23832a90998faa96bc65e", "f4ebe71925af7b40a864553f761ed559b43544f8f71746c2d756c7fe788ade7c"]
yapf = ["02ace10a00fa2e36c7ebd1df2ead91dbfbd7989686dc4ccbdc549e95d19f5780", "6f94b6a176a7c114cfa6bad86d40f259bbe0f10cf2fa7f2f4b3596fc5802a41b"]
zipp = ["3718b1cbcd963c7d4c5511a8240812904164b7f381b647143a89d3b98f9bcd8e", "f06903e9f1f43b12d371004b4ac7b06ab39a44adc747266928ae6debfa7b3335"]
